
Microsoft Visual Studio Solution File, Format Version 12.00
# Visual Studio Version 17
VisualStudioVersion = 17.11.35219.272
MinimumVisualStudioVersion = 10.0.40219.1
Project("{FAE04EC0-301F-11D3-BF4B-00C04F79EFBC}") = "Project Setup", "Project Setup.csproj", "{69DA274D-5E79-41DA-A585-CCA8B5A18F5E}"
EndProject
Global
	GlobalSection(SolutionConfigurationPlatforms) = preSolution
		Debug|Any CPU = Debug|Any CPU
		Release|Any CPU = Release|Any CPU
	EndGlobalSection
	GlobalSection(ProjectConfigurationPlatforms) = postSolution
		{69DA274D-5E79-41DA-A585-CCA8B5A18F5E}.Debug|Any CPU.ActiveCfg = Debug|Any CPU
		{69DA274D-5E79-41DA-A585-CCA8B5A18F5E}.Debug|Any CPU.Build.0 = Debug|Any CPU
		{69DA274D-5E79-41DA-A585-CCA8B5A18F5E}.Release|Any CPU.ActiveCfg = Release|Any CPU
		{69DA274D-5E79-41DA-A585-CCA8B5A18F5E}.Release|Any CPU.Build.0 = Release|Any CPU
	EndGlobalSection
	GlobalSection(SolutionProperties) = preSolution
		HideSolutionNode = FALSE
	EndGlobalSection
	GlobalSection(ExtensibilityGlobals) = postSolution
		SolutionGuid = {101B2846-22D2-4707-9A02-056DB1CCF3C5}
	EndGlobalSection
EndGlobal
